github.com/BurntSushi/toml v0.3.1 h1:WXkYYl6Yr3qBf1K79EBnL4mak0OimBfB0XUf9Vl28OQ=
github.com/BurntSushi/toml v0.3.1/go.mod h1:xHWCNGjB5oqiDr8zfno3MHue2Ht5sIBksp03qcyfWMU=
github.com/CrowdSurge/banner v0.0.0-20140923200336-8c0e79dc5ff7 h1:O8iBqlhGQ/wRf7t1DPPsAOREXaISuTg757gfuFEI1l0=
github.com/CrowdSurge/banner v0.0.0-20140923200336-8c0e79dc5ff7/go.mod h1:29J++XOrAqvtNYrJHCnRWYDg/L4ttVMXCSfPdvOS0/c=
github.com/Machiel/slugify v1.0.1 h1:EfWSlRWstMadsgzmiV7d0yVd2IFlagWH68Q+DcYCm4E=
github.com/Machiel/slugify v1.0.1/go.mod h1:fTFGn5uWEynW4CUMG7sWkYXOf1UgDxyTM3DbR6Qfg3k=
github.com/SaulDoesCode/air v0.0.0-20181106082427-7a6af9e92fb2 h1:9dYNKi3DB6D9CzWw/nJ8lIZEWdtKaPwmpTWmJEPc9XU=
github.com/SaulDoesCode/air v0.0.0-20181106082427-7a6af9e92fb2/go.mod h1:jZO/wZlmqFfev8KAhpZ/VsV2KmbRvGzUIH++26nI8Ec=
github.com/SaulDoesCode/mailyak v0.0.0-20181018150953-d080bea9f965 h1:5voFulayXOi8VfjPxxgMBLOeLceLTn2ANbsrzNzCRBM=
github.com/SaulDoesCode/mailyak v0.0.0-20181018150953-d080bea9f965/go.mod h1:dJKpmWvdHaLWYNVTK/7dV0q8YVIQyJRAw5Tvtftl26w=
github.com/aofei/air v0.0.0-20181106144936-d487f8fac7a1 h1:lH/4Jlmh+pHiJwK80xpKb/amFdvrkcH8G5IG+O9LAC8=
github.com/aofei/air v0.0.0-20181106144936-d487f8fac7a1/go.mod h1:ZiW5mjXZwdWp48qWMwmbP5/wVM0VwHhgKNeJXJjPEgY=
github.com/aofei/air v0.0.0-20181107031106-d19103e75147 h1:WICWJ3UeS+OU3SpWBA1YYtsAOCJQLd9CrcoN+kx8p3w=
github.com/aofei/air v0.0.0-20181107031106-d19103e75147/go.mod h1:4GKh47lT9HUm1wbJlUIIBPaMQxVka2ceDCOxa0SbiIM=
github.com/arangodb/go-driver v0.0.0-20181029154412-d60f4a8520d3 h1:xJIAsR7WlIqIT+J4vdyDdjqmtduDqzH6sUFTuiQyqHY=
github.com/arangodb/go-driver v0.0.0-20181029154412-d60f4a8520d3/go.mod h1:NcDoR4f0FdFia/QizCc+B69DggPGLP3nCKg5IUtudm0=
github.com/arangodb/go-velocypack v0.0.0-20180928134037-d177e3455691 h1:62SGGAvrKTXOrewra74du0H98Yg/eufQ/tO3RoIP8Bs=
github.com/arangodb/go-velocypack v0.0.0-20180928134037-d177e3455691/go.mod h1:7QCjpWXdB49P6fql1CxmsBWd8z/T4L4pqFLTnc10xNM=
github.com/asaskevich/govalidator v0.0.0-20180720115003-f9ffefc3facf h1:eg0MeVzsP1G42dRafH3vf+al2vQIJU0YHX+1Tw87oco=
github.com/asaskevich/govalidator v0.0.0-20180720115003-f9ffefc3facf/go.mod h1:lB+ZfQJz7igIIfQNfa7Ml4HSf2uFQQRzpGGRXenZAgY=
github.com/cheekybits/is v0.0.0-20150225183255-68e9c0620927/go.mod h1:h/aW8ynjgkuj+NQRlZcDbAbM1ORAbXjXX77sX7T289U=
github.com/coreos/go-iptables v0.4.0/go.mod h1:/mVI274lEDI2ns62jHCDnCyBF9Iwsmekav8Dbxlm1MU=
github.com/davecgh/go-spew v1.1.1/go.mod h1:J7Y8YcW2NihsgmVo/mv3lAwl/skON4iLHjSsI+c5H38=
github.com/dgrijalva/jwt-go v3.2.0+incompatible/go.mod h1:E3ru+11k8xSBh+hMPgOLZmtrrCbhqsmaPHjLKYnJCaQ=
github.com/driusan/dkim v0.0.0-20180129030250-78ce6f46faf4/go.mod h1:/bBJOA45LKdUF1lYKzzxwudRzQHUUHqqwJp9FeOard0=
github.com/driusan/dkim v0.0.0-20181021194700-dda260a68aa1 h1:qYRQI5o+VVe3DX0AnCgriqo2o1WaxyJAf4Ax8vNcxbE=
github.com/driusan/dkim v0.0.0-20181021194700-dda260a68aa1/go.mod h1:/bBJOA45LKdUF1lYKzzxwudRzQHUUHqqwJp9FeOard0=
github.com/dustin/go-humanize v1.0.0/go.mod h1:HtrtbFcZ19U5GC7JDqmcUSB87Iq5E25KnS6fMYU6eOk=
github.com/fsnotify/fsnotify v1.4.7 h1:IXs+QLmnXW2CcXuY+8Mzv/fWEsPGWxqefPtCP5CnV9I=
github.com/fsnotify/fsnotify v1.4.7/go.mod h1:jwhsz4b93w/PPRr/qN1Yymfu8t87LnFCMoQvtojpjFo=
github.com/golang/protobuf v1.2.0/go.mod h1:6lQm79b+lXiMfvg/cZm0SGofjICqVBUtrP5yJMmIC1U=
github.com/gorilla/websocket v1.4.0 h1:WDFjx/TMzVgy9VdMMQi2K2Emtwi2QcUQsztZ/zLaH/Q=
github.com/gorilla/websocket v1.4.0/go.mod h1:E7qHFY5m1UJ88s3WnNqhKjPHQ0heANvMoAMk2YaljkQ=
github.com/hashicorp/golang-lru v0.5.0 h1:CL2msUPvZTLb5O648aiLNJw3hnBxN2+1Jq8rCOH9wdo=
github.com/hashicorp/golang-lru v0.5.0/go.mod h1:/m3WP610KZHVQ1SGc6re/UDhFvYD7pJ4Ao+sR/qLZy8=
github.com/integrii/flaggy v0.0.0-20181007032133-1056ce330646 h1:TVhJwbh3Mq4cVdaQdIp46GQgYbatkToa8jjoy8mr7is=
github.com/integrii/flaggy v0.0.0-20181007032133-1056ce330646/go.mod h1:3cpVUtAftUH2sUWSsXjFhC6o9aRkLEAuxGQV/qXbSOQ=
github.com/json-iterator/go v1.1.5 h1:gL2yXlmiIo4+t+y32d4WGwOjKGYcGOuyrg46vadswDE=
github.com/json-iterator/go v1.1.5/go.mod h1:+SdeFBvtyEkXs7REEP0seUULqWtbJapLOCVDaaPEHmU=
github.com/kr/pretty v0.1.0/go.mod h1:dAy3ld7l9f0ibDNOQOHHMYYIIbhfbHSm3C4ZsoJORNo=
github.com/kr/pty v1.1.1/go.mod h1:pFQYn66WHrOpPYNljwOMqo10TkYh1fy3cYio2l3bCsQ=
github.com/kr/pty v1.1.3/go.mod h1:pFQYn66WHrOpPYNljwOMqo10TkYh1fy3cYio2l3bCsQ=
github.com/kr/text v0.1.0/go.mod h1:4Jbv+DJW3UT/LiOwJeYQe1efqtUx/iVham/4vfdArNI=
github.com/logrusorgru/aurora v0.0.0-20181002194514-a7b3b318ed4e h1:9MlwzLdW7QSDrhDjFlsEYmxpFyIoXmYRon3dt0io31k=
github.com/logrusorgru/aurora v0.0.0-20181002194514-a7b3b318ed4e/go.mod h1:7rIyQOR62GCctdiQpZ/zOJlFyk6y+94wXzv6RNZgaR4=
github.com/matryer/try v0.0.0-20161228173917-9ac251b645a2/go.mod h1:0KeJpeMD6o+O4hW7qJOT7vyQPKrWmj26uf5wMc/IiIs=
github.com/microcosm-cc/bluemonday v1.0.1 h1:SIYunPjnlXcW+gVfvm0IlSeR5U3WZUOLfVmqg85Go44=
github.com/microcosm-cc/bluemonday v1.0.1/go.mod h1:hsXNsILzKxV+sX77C5b8FSuKF00vh2OMYv+xgHpAMF4=
github.com/modern-go/concurrent v0.0.0-20180306012644-bacd9c7ef1dd h1:TRLaZ9cD/w8PVh93nsPXa1VrQ6jlwL5oN8l14QlcNfg=
github.com/modern-go/concurrent v0.0.0-20180306012644-bacd9c7ef1dd/go.mod h1:6dJC0mAP4ikYIbvyc7fijjWJddQyLn8Ig3JB5CqoB9Q=
github.com/modern-go/reflect2 v1.0.1 h1:9f412s+6RmYXLWZSEzVVgPGK7C2PphHj5RJrvfx9AWI=
github.com/modern-go/reflect2 v1.0.1/go.mod h1:bx2lNnkwVCuqBIxFjflWJWanXIb3RllmbCylyMrvgv0=
github.com/pmezard/go-difflib v1.0.0/go.mod h1:iKH77koFhYxTK1pcRnkKkqfTogsbg7gZNVY4sRDYZ/4=
github.com/russross/blackfriday/v2 v2.0.1 h1:lPqVAte+HuHNfhJ/0LC98ESWRz8afy9tM/0RK8m9o+Q=
github.com/russross/blackfriday/v2 v2.0.1/go.mod h1:+Rmxgy9KzJVeS9/2gXHxylqXiyQDYRxCVz55jmeOWTM=
github.com/shurcooL/sanitized_anchor_name v0.0.0-20170918181015-86672fcb3f95 h1:/vdW8Cb7EXrkqWGufVMES1OH2sU9gKVb2n9/1y5NMBY=
github.com/shurcooL/sanitized_anchor_name v0.0.0-20170918181015-86672fcb3f95/go.mod h1:1NzhyTcUVG4SuEtjjoZeVRXNmyL/1OwPU0+IJeTBvfc=
github.com/spf13/pflag v1.0.3/go.mod h1:DYY7MBk1bdzusC3SYhjObp+wFpr4gzcvqqNjLnInEg4=
github.com/stretchr/testify v1.2.2/go.mod h1:a8OnRcib4nhh0OaRAV+Yts87kKdq0PP7pXfy6kDkUVs=
github.com/tdewolff/minify/v2 v2.3.7 h1:nhk7MKYRdTDwTxqEQZKLDkLe04tDHht8mBI+VJrsYvk=
github.com/tdewolff/minify/v2 v2.3.7/go.mod h1:DD1stRlSx6JsHfl1+E/HVMQeXiec9rD1UQ0epklIZLc=
github.com/tdewolff/parse/v2 v2.3.5 h1:/uS8JfhwVJsNkEh769GM5ENv6L9LOh2Z9uW3tCdlhs0=
github.com/tdewolff/parse/v2 v2.3.5/go.mod h1:HansaqmN4I/U7L6/tUp0NcwT2tFO0F4EAWYGSDzkYNk=
github.com/tdewolff/test v1.0.0/go.mod h1:DiQUlutnqlEvdvhSn2LPGy4TFwRauAaYDsL+683RNX4=
github.com/throttled/throttled v2.2.2+incompatible h1:g/mbN7PVGTAACIETUnkIjWcBegrw079KVDCME9M97RY=
github.com/throttled/throttled v2.2.2+incompatible/go.mod h1:0BjlrEGQmvxps+HuXLsyRdqpSRvJpq0PNIsOtqP9Nos=
github.com/vmihailenco/msgpack v4.0.1+incompatible h1:RMF1enSPeKTlXrXdOcqjFUElywVZjjC6pqse21bKbEU=
github.com/vmihailenco/msgpack v4.0.1+incompatible/go.mod h1:fy3FlTQTDXWkZ7Bh6AcGMlsjHatGryHQYUTf1ShIgkk=
golang.org/x/crypto v0.0.0-20181030102418-4d3f4d9ffa16 h1:y6ce7gCWtnH+m3dCjzQ1PCuwl28DDIc3VNnvY29DlIA=
golang.org/x/crypto v0.0.0-20181030102418-4d3f4d9ffa16/go.mod h1:6SG95UA2DQfeDnfUPMdvaQW0Q7yPrPDi9nlGo2tz2b4=
golang.org/x/crypto v0.0.0-20181106171534-e4dc69e5b2fd h1:VtIkGDhk0ph3t+THbvXHfMZ8QHgsBO39Nh52+74pq7w=
golang.org/x/crypto v0.0.0-20181106171534-e4dc69e5b2fd/go.mod h1:6SG95UA2DQfeDnfUPMdvaQW0Q7yPrPDi9nlGo2tz2b4=
golang.org/x/net v0.0.0-20180724234803-3673e40ba225/go.mod h1:mL1N/T3taQHkDXs73rZJwtUhF3w3ftmwwsq0BUmARs4=
golang.org/x/net v0.0.0-20181106065722-10aee1819953 h1:LuZIitY8waaxUfNIdtajyE/YzA/zyf0YxXG27VpLrkg=
golang.org/x/net v0.0.0-20181106065722-10aee1819953/go.mod h1:mL1N/T3taQHkDXs73rZJwtUhF3w3ftmwwsq0BUmARs4=
golang.org/x/sync v0.0.0-20180314180146-1d60e4601c6f/go.mod h1:RxMgew5VJxzue5/jJTE5uejpjVlOe/izrB70Jof72aM=
golang.org/x/sys v0.0.0-20181031143558-9b800f95dbbc/go.mod h1:STP8DvDyc/dI5b8T5hshtkjS+E42TnysNCUPdjciGhY=
golang.org/x/sys v0.0.0-20181106073832-7155702f2d47 h1:jpuvBuBQe3SontqHcH6FOLtHI+yUQ3d75Q9t38Bxp0w=
golang.org/x/sys v0.0.0-20181106073832-7155702f2d47/go.mod h1:STP8DvDyc/dI5b8T5hshtkjS+E42TnysNCUPdjciGhY=
golang.org/x/sys v0.0.0-20181106135930-3a76605856fd h1:5lx5yH6109ClL0rlBzOj++ZkX/njUT+RVgTO2RMbmZo=
golang.org/x/sys v0.0.0-20181106135930-3a76605856fd/go.mod h1:STP8DvDyc/dI5b8T5hshtkjS+E42TnysNCUPdjciGhY=
golang.org/x/text v0.3.0 h1:g61tztE5qeGQ89tm6NTjjM9VPIm088od1l6aSorWRWg=
golang.org/x/text v0.3.0/go.mod h1:NqM8EUOU14njkJ3fqMW+pc6Ldnwhi/IjpwHt7yyuwOQ=
google.golang.org/appengine v1.3.0/go.mod h1:xpcJRLb0r/rnEns0DIKYYv+WjYCduHsrkT7/EB5XEv4=
gopkg.in/check.v1 v1.0.0-20180628173108-788fd7840127/go.mod h1:Co6ibVJAznAaIkqp8huTwlJQCZ016jof/cbN4VW5Yz0=
